
Microsoft Visual Studio Solution File, Format Version 12.00
# Visual Studio Version 17
VisualStudioVersion = 17.6.33815.320
MinimumVisualStudioVersion = 10.0.40219.1
Project("{FAE04EC0-301F-11D3-BF4B-00C04F79EFBC}") = "LoginApp.Android", "LoginApp\LoginApp.Android\LoginApp.Android.csproj", "{6821B63F-F984-43C5-93F8-FE340F06991D}"
EndProject
Project("{FAE04EC0-301F-11D3-BF4B-00C04F79EFBC}") = "LoginApp.iOS", "LoginApp\LoginApp.iOS\LoginApp.iOS.csproj", "{B27FB020-38C1-4ADD-AEFC-3CD8908ECBA1}"
EndProject
Project("{FAE04EC0-301F-11D3-BF4B-00C04F79EFBC}") = "LoginApp", "LoginApp\LoginApp\LoginApp.csproj", "{F898D1C8-8D4B-4491-9269-C1C83D6BD0DD}"
EndProject
Global
	GlobalSection(SolutionConfigurationPlatforms) = preSolution
		Debug|Any CPU = Debug|Any CPU
		Debug|iPhone = Debug|iPhone
		Debug|iPhoneSimulator = Debug|iPhoneSimulator
		Release|Any CPU = Release|Any CPU
		Release|iPhone = Release|iPhone
		Release|iPhoneSimulator = Release|iPhoneSimulator
	EndGlobalSection
	GlobalSection(ProjectConfigurationPlatforms) = postSolution
		{6821B63F-F984-43C5-93F8-FE340F06991D}.Debug|Any CPU.ActiveCfg = Debug|Any CPU
		{6821B63F-F984-43C5-93F8-FE340F06991D}.Debug|Any CPU.Build.0 = Debug|Any CPU
		{6821B63F-F984-43C5-93F8-FE340F06991D}.Debug|Any CPU.Deploy.0 = Debug|Any CPU
		{6821B63F-F984-43C5-93F8-FE340F06991D}.Debug|iPhone.ActiveCfg = Debug|Any CPU
		{6821B63F-F984-43C5-93F8-FE340F06991D}.Debug|iPhone.Build.0 = Debug|Any CPU
		{6821B63F-F984-43C5-93F8-FE340F06991D}.Debug|iPhone.Deploy.0 = Debug|Any CPU
		{6821B63F-F984-43C5-93F8-FE340F06991D}.Debug|iPhoneSimulator.ActiveCfg = Debug|Any CPU
		{6821B63F-F984-43C5-93F8-FE340F06991D}.Debug|iPhoneSimulator.Build.0 = Debug|Any CPU
		{6821B63F-F984-43C5-93F8-FE340F06991D}.Debug|iPhoneSimulator.Deploy.0 = Debug|Any CPU
		{6821B63F-F984-43C5-93F8-FE340F06991D}.Release|Any CPU.ActiveCfg = Release|Any CPU
		{6821B63F-F984-43C5-93F8-FE340F06991D}.Release|Any CPU.Build.0 = Release|Any CPU
		{6821B63F-F984-43C5-93F8-FE340F06991D}.Release|Any CPU.Deploy.0 = Release|Any CPU
		{6821B63F-F984-43C5-93F8-FE340F06991D}.Release|iPhone.ActiveCfg = Release|Any CPU
		{6821B63F-F984-43C5-93F8-FE340F06991D}.Release|iPhone.Build.0 = Release|Any CPU
		{6821B63F-F984-43C5-93F8-FE340F06991D}.Release|iPhone.Deploy.0 = Release|Any CPU
		{6821B63F-F984-43C5-93F8-FE340F06991D}.Release|iPhoneSimulator.ActiveCfg = Release|Any CPU
		{6821B63F-F984-43C5-93F8-FE340F06991D}.Release|iPhoneSimulator.Build.0 = Release|Any CPU
		{6821B63F-F984-43C5-93F8-FE340F06991D}.Release|iPhoneSimulator.Deploy.0 = Release|Any CPU
		{B27FB020-38C1-4ADD-AEFC-3CD8908ECBA1}.Debug|Any CPU.ActiveCfg = Debug|iPhone
		{B27FB020-38C1-4ADD-AEFC-3CD8908ECBA1}.Debug|Any CPU.Build.0 = Debug|iPhone
		{B27FB020-38C1-4ADD-AEFC-3CD8908ECBA1}.Debug|Any CPU.Deploy.0 = Debug|iPhone
		{B27FB020-38C1-4ADD-AEFC-3CD8908ECBA1}.Debug|iPhone.ActiveCfg = Debug|iPhone
		{B27FB020-38C1-4ADD-AEFC-3CD8908ECBA1}.Debug|iPhone.Build.0 = Debug|iPhone
		{B27FB020-38C1-4ADD-AEFC-3CD8908ECBA1}.Debug|iPhone.Deploy.0 = Debug|iPhone
		{B27FB020-38C1-4ADD-AEFC-3CD8908ECBA1}.Debug|iPhoneSimulator.ActiveCfg = Debug|iPhoneSimulator
		{B27FB020-38C1-4ADD-AEFC-3CD8908ECBA1}.Debug|iPhoneSimulator.Build.0 = Debug|iPhoneSimulator
		{B27FB020-38C1-4ADD-AEFC-3CD8908ECBA1}.Debug|iPhoneSimulator.Deploy.0 = Debug|iPhoneSimulator
		{B27FB020-38C1-4ADD-AEFC-3CD8908ECBA1}.Release|Any CPU.ActiveCfg = Release|iPhoneSimulator
		{B27FB020-38C1-4ADD-AEFC-3CD8908ECBA1}.Release|Any CPU.Build.0 = Release|iPhoneSimulator
		{B27FB020-38C1-4ADD-AEFC-3CD8908ECBA1}.Release|Any CPU.Deploy.0 = Release|iPhoneSimulator
		{B27FB020-38C1-4ADD-AEFC-3CD8908ECBA1}.Release|iPhone.ActiveCfg = Release|iPhone
		{B27FB020-38C1-4ADD-AEFC-3CD8908ECBA1}.Release|iPhone.Build.0 = Release|iPhone
		{B27FB020-38C1-4ADD-AEFC-3CD8908ECBA1}.Release|iPhone.Deploy.0 = Release|iPhone
		{B27FB020-38C1-4ADD-AEFC-3CD8908ECBA1}.Release|iPhoneSimulator.ActiveCfg = Release|iPhoneSimulator
		{B27FB020-38C1-4ADD-AEFC-3CD8908ECBA1}.Release|iPhoneSimulator.Build.0 = Release|iPhoneSimulator
		{B27FB020-38C1-4ADD-AEFC-3CD8908ECBA1}.Release|iPhoneSimulator.Deploy.0 = Release|iPhoneSimulator
		{F898D1C8-8D4B-4491-9269-C1C83D6BD0DD}.Debug|Any CPU.ActiveCfg = Debug|Any CPU
		{F898D1C8-8D4B-4491-9269-C1C83D6BD0DD}.Debug|Any CPU.Build.0 = Debug|Any CPU
		{F898D1C8-8D4B-4491-9269-C1C83D6BD0DD}.Debug|Any CPU.Deploy.0 = Debug|Any CPU
		{F898D1C8-8D4B-4491-9269-C1C83D6BD0DD}.Debug|iPhone.ActiveCfg = Debug|Any CPU
		{F898D1C8-8D4B-4491-9269-C1C83D6BD0DD}.Debug|iPhone.Build.0 = Debug|Any CPU
		{F898D1C8-8D4B-4491-9269-C1C83D6BD0DD}.Debug|iPhone.Deploy.0 = Debug|Any CPU
		{F898D1C8-8D4B-4491-9269-C1C83D6BD0DD}.Debug|iPhoneSimulator.ActiveCfg = Debug|Any CPU
		{F898D1C8-8D4B-4491-9269-C1C83D6BD0DD}.Debug|iPhoneSimulator.Build.0 = Debug|Any CPU
		{F898D1C8-8D4B-4491-9269-C1C83D6BD0DD}.Debug|iPhoneSimulator.Deploy.0 = Debug|Any CPU
		{F898D1C8-8D4B-4491-9269-C1C83D6BD0DD}.Release|Any CPU.ActiveCfg = Release|Any CPU
		{F898D1C8-8D4B-4491-9269-C1C83D6BD0DD}.Release|Any CPU.Build.0 = Release|Any CPU
		{F898D1C8-8D4B-4491-9269-C1C83D6BD0DD}.Release|Any CPU.Deploy.0 = Release|Any CPU
		{F898D1C8-8D4B-4491-9269-C1C83D6BD0DD}.Release|iPhone.ActiveCfg = Release|Any CPU
		{F898D1C8-8D4B-4491-9269-C1C83D6BD0DD}.Release|iPhone.Build.0 = Release|Any CPU
		{F898D1C8-8D4B-4491-9269-C1C83D6BD0DD}.Release|iPhone.Deploy.0 = Release|Any CPU
		{F898D1C8-8D4B-4491-9269-C1C83D6BD0DD}.Release|iPhoneSimulator.ActiveCfg = Release|Any CPU
		{F898D1C8-8D4B-4491-9269-C1C83D6BD0DD}.Release|iPhoneSimulator.Build.0 = Release|Any CPU
		{F898D1C8-8D4B-4491-9269-C1C83D6BD0DD}.Release|iPhoneSimulator.Deploy.0 = Release|Any CPU
	EndGlobalSection
	GlobalSection(SolutionProperties) = preSolution
		HideSolutionNode = FALSE
	EndGlobalSection
	GlobalSection(ExtensibilityGlobals) = postSolution
		SolutionGuid = {5BDEF90F-3253-4A77-BC1B-AB24D16DCCFE}
	EndGlobalSection
EndGlobal
